
Microsoft Visual Studio Solution File, Format Version 12.00
Project("{FAE04EC0-301F-11D3-BF4B-00C04F79EFBC}") = "RabbitHeroku", "RabbitHeroku\RabbitHeroku.csproj", "{7278993C-78A2-45D6-A86A-FAD798EAC23D}"
EndProject
Global
	GlobalSection(SolutionConfigurationPlatforms) = preSolution
		Debug|Any CPU = Debug|Any CPU
		Release|Any CPU = Release|Any CPU
	EndGlobalSection
	GlobalSection(ProjectConfigurationPlatforms) = postSolution
		{7278993C-78A2-45D6-A86A-FAD798EAC23D}.Debug|Any CPU.ActiveCfg = Debug|Any CPU
		{7278993C-78A2-45D6-A86A-FAD798EAC23D}.Debug|Any CPU.Build.0 = Debug|Any CPU
		{7278993C-78A2-45D6-A86A-FAD798EAC23D}.Release|Any CPU.ActiveCfg = Release|Any CPU
		{7278993C-78A2-45D6-A86A-FAD798EAC23D}.Release|Any CPU.Build.0 = Release|Any CPU
	EndGlobalSection
EndGlobal
